// !$*UTF8*$!
{
	archiveVersion = 1;
	classes = {
	};
	objectVersion = 60;
	objects = {

/* Begin PBXBuildFile section */
		958225E42C70EE8000DB334F /* swiftui_testingApp.swift in Sources */ = {isa = PBXBuildFile; fileRef = 958225E32C70EE8000DB334F /* swiftui_testingApp.swift */; };
		958225E62C70EE8000DB334F /* ContentView.swift in Sources */ = {isa = PBXBuildFile; fileRef = 958225E52C70EE8000DB334F /* ContentView.swift */; };
		958225E82C70EE8200DB334F /* Assets.xcassets in Resources */ = {isa = PBXBuildFile; fileRef = 958225E72C70EE8200DB334F /* Assets.xcassets */; };
		958225EC2C70EE8200DB334F /* Preview Assets.xcassets in Resources */ = {isa = PBXBuildFile; fileRef = 958225EB2C70EE8200DB334F /* Preview Assets.xcassets */; };
		958225F62C70EE8200DB334F /* swiftui_testingTests.swift in Sources */ = {isa = PBXBuildFile; fileRef = 958225F52C70EE8200DB334F /* swiftui_testingTests.swift */; };
		958226002C70EE8200DB334F /* swiftui_testingUITests.swift in Sources */ = {isa = PBXBuildFile; fileRef = 958225FF2C70EE8200DB334F /* swiftui_testingUITests.swift */; };
		958226022C70EE8200DB334F /* swiftui_testingUITestsLaunchTests.swift in Sources */ = {isa = PBXBuildFile; fileRef = 958226012C70EE8200DB334F /* swiftui_testingUITestsLaunchTests.swift */; };
		958226112C70EFF600DB334F /* HeroAnimation.swift in Sources */ = {isa = PBXBuildFile; fileRef = 958226102C70EFF600DB334F /* HeroAnimation.swift */; };
		958226132C7284C500DB334F /* ZoomTransitions.swift in Sources */ = {isa = PBXBuildFile; fileRef = 958226122C7284BC00DB334F /* ZoomTransitions.swift */; };
/* End PBXBuildFile section */

/* Begin PBXContainerItemProxy section */
		958225F22C70EE8200DB334F /* PBXContainerItemProxy */ = {
			isa = PBXContainerItemProxy;
			containerPortal = 958225D82C70EE8000DB334F /* Project object */;
			proxyType = 1;
			remoteGlobalIDString = 958225DF2C70EE8000DB334F;
			remoteInfo = "swiftui-testing";
		};
		958225FC2C70EE8200DB334F /* PBXContainerItemProxy */ = {
			isa = PBXContainerItemProxy;
			containerPortal = 958225D82C70EE8000DB334F /* Project object */;
			proxyType = 1;
			remoteGlobalIDString = 958225DF2C70EE8000DB334F;
			remoteInfo = "swiftui-testing";
		};
/* End PBXContainerItemProxy section */

/* Begin PBXFileReference section */
		958225E02C70EE8000DB334F /* swiftui-testing.app */ = {isa = PBXFileReference; explicitFileType = wrapper.application; includeInIndex = 0; path = "swiftui-testing.app"; sourceTree = BUILT_PRODUCTS_DIR; };
		958225E32C70EE8000DB334F /* swiftui_testingApp.swift */ = {isa = PBXFileReference; lastKnownFileType = sourcecode.swift; path = swiftui_testingApp.swift; sourceTree = "<group>"; };
		958225E52C70EE8000DB334F /* ContentView.swift */ = {isa = PBXFileReference; lastKnownFileType = sourcecode.swift; path = ContentView.swift; sourceTree = "<group>"; };
		958225E72C70EE8200DB334F /* Assets.xcassets */ = {isa = PBXFileReference; lastKnownFileType = folder.assetcatalog; path = Assets.xcassets; sourceTree = "<group>"; };
		958225E92C70EE8200DB334F /* swiftui_testing.entitlements */ = {isa = PBXFileReference; lastKnownFileType = text.plist.entitlements; path = swiftui_testing.entitlements; sourceTree = "<group>"; };
		958225EB2C70EE8200DB334F /* Preview Assets.xcassets */ = {isa = PBXFileReference; lastKnownFileType = folder.assetcatalog; path = "Preview Assets.xcassets"; sourceTree = "<group>"; };
		958225F12C70EE8200DB334F /* swiftui-testingTests.xctest */ = {isa = PBXFileReference; explicitFileType = wrapper.cfbundle; includeInIndex = 0; path = "swiftui-testingTests.xctest"; sourceTree = BUILT_PRODUCTS_DIR; };
		958225F52C70EE8200DB334F /* swiftui_testingTests.swift */ = {isa = PBXFileReference; lastKnownFileType = sourcecode.swift; path = swiftui_testingTests.swift; sourceTree = "<group>"; };
		958225FB2C70EE8200DB334F /* swiftui-testingUITests.xctest */ = {isa = PBXFileReference; explicitFileType = wrapper.cfbundle; includeInIndex = 0; path = "swiftui-testingUITests.xctest"; sourceTree = BUILT_PRODUCTS_DIR; };
		958225FF2C70EE8200DB334F /* swiftui_testingUITests.swift */ = {isa = PBXFileReference; lastKnownFileType = sourcecode.swift; path = swiftui_testingUITests.swift; sourceTree = "<group>"; };
		958226012C70EE8200DB334F /* swiftui_testingUITestsLaunchTests.swift */ = {isa = PBXFileReference; lastKnownFileType = sourcecode.swift; path = swiftui_testingUITestsLaunchTests.swift; sourceTree = "<group>"; };
		958226102C70EFF600DB334F /* HeroAnimation.swift */ = {isa = PBXFileReference; lastKnownFileType = sourcecode.swift; path = HeroAnimation.swift; sourceTree = "<group>"; };
		958226122C7284BC00DB334F /* ZoomTransitions.swift */ = {isa = PBXFileReference; lastKnownFileType = sourcecode.swift; path = ZoomTransitions.swift; sourceTree = "<group>"; };
/* End PBXFileReference section */

/* Begin PBXFrameworksBuildPhase section */
		958225DD2C70EE8000DB334F /* Frameworks */ = {
			isa = PBXFrameworksBuildPhase;
			buildActionMask = 2147483647;
			files = (
			);
			runOnlyForDeploymentPostprocessing = 0;
		};
		958225EE2C70EE8200DB334F /* Frameworks */ = {
			isa = PBXFrameworksBuildPhase;
			buildActionMask = 2147483647;
			files = (
			);
			runOnlyForDeploymentPostprocessing = 0;
		};
		958225F82C70EE8200DB334F /* Frameworks */ = {
			isa = PBXFrameworksBuildPhase;
			buildActionMask = 2147483647;
			files = (
			);
			runOnlyForDeploymentPostprocessing = 0;
		};
/* End PBXFrameworksBuildPhase section */

/* Begin PBXGroup section */
		958225D72C70EE8000DB334F = {
			isa = PBXGroup;
			children = (
				958225E22C70EE8000DB334F /* swiftui-testing */,
				958225F42C70EE8200DB334F /* swiftui-testingTests */,
				958225FE2C70EE8200DB334F /* swiftui-testingUITests */,
				958225E12C70EE8000DB334F /* Products */,
			);
			sourceTree = "<group>";
		};
		958225E12C70EE8000DB334F /* Products */ = {
			isa = PBXGroup;
			children = (
				958225E02C70EE8000DB334F /* swiftui-testing.app */,
				958225F12C70EE8200DB334F /* swiftui-testingTests.xctest */,
				958225FB2C70EE8200DB334F /* swiftui-testingUITests.xctest */,
			);
			name = Products;
			sourceTree = "<group>";
		};
		958225E22C70EE8000DB334F /* swiftui-testing */ = {
			isa = PBXGroup;
			children = (
				958225E32C70EE8000DB334F /* swiftui_testingApp.swift */,
				958225E52C70EE8000DB334F /* ContentView.swift */,
				958225E72C70EE8200DB334F /* Assets.xcassets */,
				958225E92C70EE8200DB334F /* swiftui_testing.entitlements */,
				958225EA2C70EE8200DB334F /* Preview Content */,
				958226102C70EFF600DB334F /* HeroAnimation.swift */,
				958226122C7284BC00DB334F /* ZoomTransitions.swift */,
			);
			path = "swiftui-testing";
			sourceTree = "<group>";
		};
		958225EA2C70EE8200DB334F /* Preview Content */ = {
			isa = PBXGroup;
			children = (
				958225EB2C70EE8200DB334F /* Preview Assets.xcassets */,
			);
			path = "Preview Content";
			sourceTree = "<group>";
		};
		958225F42C70EE8200DB334F /* swiftui-testingTests */ = {
			isa = PBXGroup;
			children = (
				958225F52C70EE8200DB334F /* swiftui_testingTests.swift */,
			);
			path = "swiftui-testingTests";
			sourceTree = "<group>";
		};
		958225FE2C70EE8200DB334F /* swiftui-testingUITests */ = {
			isa = PBXGroup;
			children = (
				958225FF2C70EE8200DB334F /* swiftui_testingUITests.swift */,
				958226012C70EE8200DB334F /* swiftui_testingUITestsLaunchTests.swift */,
			);
			path = "swiftui-testingUITests";
			sourceTree = "<group>";
		};
/* End PBXGroup section */

/* Begin PBXNativeTarget section */
		958225DF2C70EE8000DB334F /* swiftui-testing */ = {
			isa = PBXNativeTarget;
			buildConfigurationList = 958226052C70EE8200DB334F /* Build configuration list for PBXNativeTarget "swiftui-testing" */;
			buildPhases = (
				958225DC2C70EE8000DB334F /* Sources */,
				958225DD2C70EE8000DB334F /* Frameworks */,
				958225DE2C70EE8000DB334F /* Resources */,
			);
			buildRules = (
			);
			dependencies = (
			);
			name = "swiftui-testing";
			productName = "swiftui-testing";
			productReference = 958225E02C70EE8000DB334F /* swiftui-testing.app */;
			productType = "com.apple.product-type.application";
		};
		958225F02C70EE8200DB334F /* swiftui-testingTests */ = {
			isa = PBXNativeTarget;
			buildConfigurationList = 958226082C70EE8200DB334F /* Build configuration list for PBXNativeTarget "swiftui-testingTests" */;
			buildPhases = (
				958225ED2C70EE8200DB334F /* Sources */,
				958225EE2C70EE8200DB334F /* Frameworks */,
				958225EF2C70EE8200DB334F /* Resources */,
			);
			buildRules = (
			);
			dependencies = (
				958225F32C70EE8200DB334F /* PBXTargetDependency */,
			);
			name = "swiftui-testingTests";
			productName = "swiftui-testingTests";
			productReference = 958225F12C70EE8200DB334F /* swiftui-testingTests.xctest */;
			productType = "com.apple.product-type.bundle.unit-test";
		};
		958225FA2C70EE8200DB334F /* swiftui-testingUITests */ = {
			isa = PBXNativeTarget;
			buildConfigurationList = 9582260B2C70EE8200DB334F /* Build configuration list for PBXNativeTarget "swiftui-testingUITests" */;
			buildPhases = (
				958225F72C70EE8200DB334F /* Sources */,
				958225F82C70EE8200DB334F /* Frameworks */,
				958225F92C70EE8200DB334F /* Resources */,
			);
			buildRules = (
			);
			dependencies = (
				958225FD2C70EE8200DB334F /* PBXTargetDependency */,
			);
			name = "swiftui-testingUITests";
			productName = "swiftui-testingUITests";
			productReference = 958225FB2C70EE8200DB334F /* swiftui-testingUITests.xctest */;
			productType = "com.apple.product-type.bundle.ui-testing";
		};
/* End PBXNativeTarget section */

/* Begin PBXProject section */
		958225D82C70EE8000DB334F /* Project object */ = {
			isa = PBXProject;
			attributes = {
				BuildIndependentTargetsInParallel = 1;
				LastSwiftUpdateCheck = 1600;
				LastUpgradeCheck = 1600;
				TargetAttributes = {
					958225DF2C70EE8000DB334F = {
						CreatedOnToolsVersion = 16.0;
					};
					958225F02C70EE8200DB334F = {
						CreatedOnToolsVersion = 16.0;
						TestTargetID = 958225DF2C70EE8000DB334F;
					};
					958225FA2C70EE8200DB334F = {
						CreatedOnToolsVersion = 16.0;
						TestTargetID = 958225DF2C70EE8000DB334F;
					};
				};
			};
			buildConfigurationList = 958225DB2C70EE8000DB334F /* Build configuration list for PBXProject "swiftui-testing" */;
			compatibilityVersion = "Xcode 15.0";
			developmentRegion = en;
			hasScannedForEncodings = 0;
			knownRegions = (
				en,
				Base,
			);
			mainGroup = 958225D72C70EE8000DB334F;
			productRefGroup = 958225E12C70EE8000DB334F /* Products */;
			projectDirPath = "";
			projectRoot = "";
			targets = (
				958225DF2C70EE8000DB334F /* swiftui-testing */,
				958225F02C70EE8200DB334F /* swiftui-testingTests */,
				958225FA2C70EE8200DB334F /* swiftui-testingUITests */,
			);
		};
/* End PBXProject section */

/* Begin PBXResourcesBuildPhase section */
		958225DE2C70EE8000DB334F /* Resources */ = {
			isa = PBXResourcesBuildPhase;
			buildActionMask = 2147483647;
			files = (
				958225EC2C70EE8200DB334F /* Preview Assets.xcassets in Resources */,
				958225E82C70EE8200DB334F /* Assets.xcassets in Resources */,
			);
			runOnlyForDeploymentPostprocessing = 0;
		};
		958225EF2C70EE8200DB334F /* Resources */ = {
			isa = PBXResourcesBuildPhase;
			buildActionMask = 2147483647;
			files = (
			);
			runOnlyForDeploymentPostprocessing = 0;
		};
		958225F92C70EE8200DB334F /* Resources */ = {
			isa = PBXResourcesBuildPhase;
			buildActionMask = 2147483647;
			files = (
			);
			runOnlyForDeploymentPostprocessing = 0;
		};
/* End PBXResourcesBuildPhase section */

/* Begin PBXSourcesBuildPhase section */
		958225DC2C70EE8000DB334F /* Sources */ = {
			isa = PBXSourcesBuildPhase;
			buildActionMask = 2147483647;
			files = (
				958225E62C70EE8000DB334F /* ContentView.swift in Sources */,
				958225E42C70EE8000DB334F /* swiftui_testingApp.swift in Sources */,
				958226112C70EFF600DB334F /* HeroAnimation.swift in Sources */,
				958226132C7284C500DB334F /* ZoomTransitions.swift in Sources */,
			);
			runOnlyForDeploymentPostprocessing = 0;
		};
		958225ED2C70EE8200DB334F /* Sources */ = {
			isa = PBXSourcesBuildPhase;
			buildActionMask = 2147483647;
			files = (
				958225F62C70EE8200DB334F /* swiftui_testingTests.swift in Sources */,
			);
			runOnlyForDeploymentPostprocessing = 0;
		};
		958225F72C70EE8200DB334F /* Sources */ = {
			isa = PBXSourcesBuildPhase;
			buildActionMask = 2147483647;
			files = (
				958226002C70EE8200DB334F /* swiftui_testingUITests.swift in Sources */,
				958226022C70EE8200DB334F /* swiftui_testingUITestsLaunchTests.swift in Sources */,
			);
			runOnlyForDeploymentPostprocessing = 0;
		};
/* End PBXSourcesBuildPhase section */

/* Begin PBXTargetDependency section */
		958225F32C70EE8200DB334F /* PBXTargetDependency */ = {
			isa = PBXTargetDependency;
			target = 958225DF2C70EE8000DB334F /* swiftui-testing */;
			targetProxy = 958225F22C70EE8200DB334F /* PBXContainerItemProxy */;
		};
		958225FD2C70EE8200DB334F /* PBXTargetDependency */ = {
			isa = PBXTargetDependency;
			target = 958225DF2C70EE8000DB334F /* swiftui-testing */;
			targetProxy = 958225FC2C70EE8200DB334F /* PBXContainerItemProxy */;
		};
/* End PBXTargetDependency section */

/* Begin XCBuildConfiguration section */
		958226032C70EE8200DB334F /* Debug */ = {
			isa = XCBuildConfiguration;
			buildSettings = {
				ALWAYS_SEARCH_USER_PATHS = NO;
				ASSETCATALOG_COMPILER_GENERATE_SWIFT_ASSET_SYMBOL_EXTENSIONS = YES;
				CLANG_ANALYZER_NONNULL = YES;
				CLANG_ANALYZER_NUMBER_OBJECT_CONVERSION = YES_AGGRESSIVE;
				CLANG_CXX_LANGUAGE_STANDARD = "gnu++20";
				CLANG_ENABLE_MODULES = YES;
				CLANG_ENABLE_OBJC_ARC = YES;
				CLANG_ENABLE_OBJC_WEAK = YES;
				CLANG_WARN_BLOCK_CAPTURE_AUTORELEASING = YES;
				CLANG_WARN_BOOL_CONVERSION = YES;
				CLANG_WARN_COMMA = YES;
				CLANG_WARN_CONSTANT_CONVERSION = YES;
				CLANG_WARN_DEPRECATED_OBJC_IMPLEMENTATIONS = YES;
				CLANG_WARN_DIRECT_OBJC_ISA_USAGE = YES_ERROR;
				CLANG_WARN_DOCUMENTATION_COMMENTS = YES;
				CLANG_WARN_EMPTY_BODY = YES;
				CLANG_WARN_ENUM_CONVERSION = YES;
				CLANG_WARN_INFINITE_RECURSION = YES;
				CLANG_WARN_INT_CONVERSION = YES;
				CLANG_WARN_NON_LITERAL_NULL_CONVERSION = YES;
				CLANG_WARN_OBJC_IMPLICIT_RETAIN_SELF = YES;
				CLANG_WARN_OBJC_LITERAL_CONVERSION = YES;
				CLANG_WARN_OBJC_ROOT_CLASS = YES_ERROR;
				CLANG_WARN_QUOTED_INCLUDE_IN_FRAMEWORK_HEADER = YES;
				CLANG_WARN_RANGE_LOOP_ANALYSIS = YES;
				CLANG_WARN_STRICT_PROTOTYPES = YES;
				CLANG_WARN_SUSPICIOUS_MOVE = YES;
				CLANG_WARN_UNGUARDED_AVAILABILITY = YES_AGGRESSIVE;
				CLANG_WARN_UNREACHABLE_CODE = YES;
				CLANG_WARN__DUPLICATE_METHOD_MATCH = YES;
				COPY_PHASE_STRIP = NO;
				DEBUG_INFORMATION_FORMAT = dwarf;
				ENABLE_STRICT_OBJC_MSGSEND = YES;
				ENABLE_TESTABILITY = YES;
				ENABLE_USER_SCRIPT_SANDBOXING = YES;
				GCC_C_LANGUAGE_STANDARD = gnu17;
				GCC_DYNAMIC_NO_PIC = NO;
				GCC_NO_COMMON_BLOCKS = YES;
				GCC_OPTIMIZATION_LEVEL = 0;
				GCC_PREPROCESSOR_DEFINITIONS = (
					"DEBUG=1",
					"$(inherited)",
				);
				GCC_WARN_64_TO_32_BIT_CONVERSION = YES;
				GCC_WARN_ABOUT_RETURN_TYPE = YES_ERROR;
				GCC_WARN_UNDECLARED_SELECTOR = YES;
				GCC_WARN_UNINITIALIZED_AUTOS = YES_AGGRESSIVE;
				GCC_WARN_UNUSED_FUNCTION = YES;
				GCC_WARN_UNUSED_VARIABLE = YES;
				LOCALIZATION_PREFERS_STRING_CATALOGS = YES;
				MTL_ENABLE_DEBUG_INFO = INCLUDE_SOURCE;
				MTL_FAST_MATH = YES;
				ONLY_ACTIVE_ARCH = YES;
				SWIFT_ACTIVE_COMPILATION_CONDITIONS = "DEBUG $(inherited)";
				SWIFT_OPTIMIZATION_LEVEL = "-Onone";
			};
			name = Debug;
		};
		958226042C70EE8200DB334F /* Release */ = {
			isa = XCBuildConfiguration;
			buildSettings = {
				ALWAYS_SEARCH_USER_PATHS = NO;
				ASSETCATALOG_COMPILER_GENERATE_SWIFT_ASSET_SYMBOL_EXTENSIONS = YES;
				CLANG_ANALYZER_NONNULL = YES;
				CLANG_ANALYZER_NUMBER_OBJECT_CONVERSION = YES_AGGRESSIVE;
				CLANG_CXX_LANGUAGE_STANDARD = "gnu++20";
				CLANG_ENABLE_MODULES = YES;
				CLANG_ENABLE_OBJC_ARC = YES;
				CLANG_ENABLE_OBJC_WEAK = YES;
				CLANG_WARN_BLOCK_CAPTURE_AUTORELEASING = YES;
				CLANG_WARN_BOOL_CONVERSION = YES;
				CLANG_WARN_COMMA = YES;
				CLANG_WARN_CONSTANT_CONVERSION = YES;
				CLANG_WARN_DEPRECATED_OBJC_IMPLEMENTATIONS = YES;
				CLANG_WARN_DIRECT_OBJC_ISA_USAGE = YES_ERROR;
				CLANG_WARN_DOCUMENTATION_COMMENTS = YES;
				CLANG_WARN_EMPTY_BODY = YES;
				CLANG_WARN_ENUM_CONVERSION = YES;
				CLANG_WARN_INFINITE_RECURSION = YES;
				CLANG_WARN_INT_CONVERSION = YES;
				CLANG_WARN_NON_LITERAL_NULL_CONVERSION = YES;
				CLANG_WARN_OBJC_IMPLICIT_RETAIN_SELF = YES;
				CLANG_WARN_OBJC_LITERAL_CONVERSION = YES;
				CLANG_WARN_OBJC_ROOT_CLASS = YES_ERROR;
				CLANG_WARN_QUOTED_INCLUDE_IN_FRAMEWORK_HEADER = YES;
				CLANG_WARN_RANGE_LOOP_ANALYSIS = YES;
				CLANG_WARN_STRICT_PROTOTYPES = YES;
				CLANG_WARN_SUSPICIOUS_MOVE = YES;
				CLANG_WARN_UNGUARDED_AVAILABILITY = YES_AGGRESSIVE;
				CLANG_WARN_UNREACHABLE_CODE = YES;
				CLANG_WARN__DUPLICATE_METHOD_MATCH = YES;
				COPY_PHASE_STRIP = NO;
				DEBUG_INFORMATION_FORMAT = "dwarf-with-dsym";
				ENABLE_NS_ASSERTIONS = NO;
				ENABLE_STRICT_OBJC_MSGSEND = YES;
				ENABLE_USER_SCRIPT_SANDBOXING = YES;
				GCC_C_LANGUAGE_STANDARD = gnu17;
				GCC_NO_COMMON_BLOCKS = YES;
				GCC_WARN_64_TO_32_BIT_CONVERSION = YES;
				GCC_WARN_ABOUT_RETURN_TYPE = YES_ERROR;
				GCC_WARN_UNDECLARED_SELECTOR = YES;
				GCC_WARN_UNINITIALIZED_AUTOS = YES_AGGRESSIVE;
				GCC_WARN_UNUSED_FUNCTION = YES;
				GCC_WARN_UNUSED_VARIABLE = YES;
				LOCALIZATION_PREFERS_STRING_CATALOGS = YES;
				MTL_ENABLE_DEBUG_INFO = NO;
				MTL_FAST_MATH = YES;
				SWIFT_COMPILATION_MODE = wholemodule;
			};
			name = Release;
		};
		958226062C70EE8200DB334F /* Debug */ = {
			isa = XCBuildConfiguration;
			buildSettings = {
				ASSETCATALOG_COMPILER_APPICON_NAME = AppIcon;
				ASSETCATALOG_COMPILER_GLOBAL_ACCENT_COLOR_NAME = AccentColor;
				CODE_SIGN_ENTITLEMENTS = "swiftui-testing/swiftui_testing.entitlements";
				CODE_SIGN_STYLE = Automatic;
				CURRENT_PROJECT_VERSION = 1;
				DEVELOPMENT_ASSET_PATHS = "\"swiftui-testing/Preview Content\"";
				DEVELOPMENT_TEAM = 8Q3RG3ULSU;
				ENABLE_HARDENED_RUNTIME = YES;
				ENABLE_PREVIEWS = YES;
				GENERATE_INFOPLIST_FILE = YES;
				"INFOPLIST_KEY_UIApplicationSceneManifest_Generation[sdk=iphoneos*]" = YES;
				"INFOPLIST_KEY_UIApplicationSceneManifest_Generation[sdk=iphonesimulator*]" = YES;
				"INFOPLIST_KEY_UIApplicationSupportsIndirectInputEvents[sdk=iphoneos*]" = YES;
				"INFOPLIST_KEY_UIApplicationSupportsIndirectInputEvents[sdk=iphonesimulator*]" = YES;
				"INFOPLIST_KEY_UILaunchScreen_Generation[sdk=iphoneos*]" = YES;
				"INFOPLIST_KEY_UILaunchScreen_Generation[sdk=iphonesimulator*]" = YES;
				"INFOPLIST_KEY_UIStatusBarStyle[sdk=iphoneos*]" = UIStatusBarStyleDefault;
				"INFOPLIST_KEY_UIStatusBarStyle[sdk=iphonesimulator*]" = UIStatusBarStyleDefault;
				INFOPLIST_KEY_UISupportedInterfaceOrientations_iPad = "UIInterfaceOrientationPortrait UIInterfaceOrientationPortraitUpsideDown UIInterfaceOrientationLandscapeLeft UIInterfaceOrientationLandscapeRight";
				INFOPLIST_KEY_UISupportedInterfaceOrientations_iPhone = "UIInterfaceOrientationPortrait UIInterfaceOrientationLandscapeLeft UIInterfaceOrientationLandscapeRight";
				IPHONEOS_DEPLOYMENT_TARGET = 18.0;
				LD_RUNPATH_SEARCH_PATHS = "@executable_path/Frameworks";
				"LD_RUNPATH_SEARCH_PATHS[sdk=macosx*]" = "@executable_path/../Frameworks";
				MACOSX_DEPLOYMENT_TARGET = 15.0;
				MARKETING_VERSION = 1.0;
				PRODUCT_BUNDLE_IDENTIFIER = "com.vanities.swiftui-testing";
				PRODUCT_NAME = "$(TARGET_NAME)";
				SDKROOT = auto;
				SUPPORTED_PLATFORMS = "iphoneos iphonesimulator macosx xros xrsimulator";
				SWIFT_EMIT_LOC_STRINGS = YES;
				SWIFT_VERSION = 5.0;
				TARGETED_DEVICE_FAMILY = "1,2,7";
				XROS_DEPLOYMENT_TARGET = 2.0;
			};
			name = Debug;
		};
		958226072C70EE8200DB334F /* Release */ = {
			isa = XCBuildConfiguration;
			buildSettings = {
				ASSETCATALOG_COMPILER_APPICON_NAME = AppIcon;
				ASSETCATALOG_COMPILER_GLOBAL_ACCENT_COLOR_NAME = AccentColor;
				CODE_SIGN_ENTITLEMENTS = "swiftui-testing/swiftui_testing.entitlements";
				CODE_SIGN_STYLE = Automatic;
				CURRENT_PROJECT_VERSION = 1;
				DEVELOPMENT_ASSET_PATHS = "\"swiftui-testing/Preview Content\"";
				DEVELOPMENT_TEAM = 8Q3RG3ULSU;
				ENABLE_HARDENED_RUNTIME = YES;
				ENABLE_PREVIEWS = YES;
				GENERATE_INFOPLIST_FILE = YES;
				"INFOPLIST_KEY_UIApplicationSceneManifest_Generation[sdk=iphoneos*]" = YES;
				"INFOPLIST_KEY_UIApplicationSceneManifest_Generation[sdk=iphonesimulator*]" = YES;
				"INFOPLIST_KEY_UIApplicationSupportsIndirectInputEvents[sdk=iphoneos*]" = YES;
				"INFOPLIST_KEY_UIApplicationSupportsIndirectInputEvents[sdk=iphonesimulator*]" = YES;
				"INFOPLIST_KEY_UILaunchScreen_Generation[sdk=iphoneos*]" = YES;
				"INFOPLIST_KEY_UILaunchScreen_Generation[sdk=iphonesimulator*]" = YES;
				"INFOPLIST_KEY_UIStatusBarStyle[sdk=iphoneos*]" = UIStatusBarStyleDefault;
				"INFOPLIST_KEY_UIStatusBarStyle[sdk=iphonesimulator*]" = UIStatusBarStyleDefault;
				INFOPLIST_KEY_UISupportedInterfaceOrientations_iPad = "UIInterfaceOrientationPortrait UIInterfaceOrientationPortraitUpsideDown UIInterfaceOrientationLandscapeLeft UIInterfaceOrientationLandscapeRight";
				INFOPLIST_KEY_UISupportedInterfaceOrientations_iPhone = "UIInterfaceOrientationPortrait UIInterfaceOrientationLandscapeLeft UIInterfaceOrientationLandscapeRight";
				IPHONEOS_DEPLOYMENT_TARGET = 18.0;
				LD_RUNPATH_SEARCH_PATHS = "@executable_path/Frameworks";
				"LD_RUNPATH_SEARCH_PATHS[sdk=macosx*]" = "@executable_path/../Frameworks";
				MACOSX_DEPLOYMENT_TARGET = 15.0;
				MARKETING_VERSION = 1.0;
				PRODUCT_BUNDLE_IDENTIFIER = "com.vanities.swiftui-testing";
				PRODUCT_NAME = "$(TARGET_NAME)";
				SDKROOT = auto;
				SUPPORTED_PLATFORMS = "iphoneos iphonesimulator macosx xros xrsimulator";
				SWIFT_EMIT_LOC_STRINGS = YES;
				SWIFT_VERSION = 5.0;
				TARGETED_DEVICE_FAMILY = "1,2,7";
				XROS_DEPLOYMENT_TARGET = 2.0;
			};
			name = Release;
		};
		958226092C70EE8200DB334F /* Debug */ = {
			isa = XCBuildConfiguration;
			buildSettings = {
				BUNDLE_LOADER = "$(TEST_HOST)";
				CODE_SIGN_STYLE = Automatic;
				CURRENT_PROJECT_VERSION = 1;
				DEVELOPMENT_TEAM = 8Q3RG3ULSU;
				GENERATE_INFOPLIST_FILE = YES;
				IPHONEOS_DEPLOYMENT_TARGET = 18.0;
				MACOSX_DEPLOYMENT_TARGET = 15.0;
				MARKETING_VERSION = 1.0;
				PRODUCT_BUNDLE_IDENTIFIER = "com.vanities.swiftui-testingTests";
				PRODUCT_NAME = "$(TARGET_NAME)";
				SDKROOT = auto;
				SUPPORTED_PLATFORMS = "iphoneos iphonesimulator macosx xros xrsimulator";
				SWIFT_EMIT_LOC_STRINGS = NO;
				SWIFT_VERSION = 5.0;
				TARGETED_DEVICE_FAMILY = "1,2,7";
				TEST_HOST = "$(BUILT_PRODUCTS_DIR)/swiftui-testing.app/$(BUNDLE_EXECUTABLE_FOLDER_PATH)/swiftui-testing";
				XROS_DEPLOYMENT_TARGET = 2.0;
			};
			name = Debug;
		};
		9582260A2C70EE8200DB334F /* Release */ = {
			isa = XCBuildConfiguration;
			buildSettings = {
				BUNDLE_LOADER = "$(TEST_HOST)";
				CODE_SIGN_STYLE = Automatic;
				CURRENT_PROJECT_VERSION = 1;
				DEVELOPMENT_TEAM = 8Q3RG3ULSU;
				GENERATE_INFOPLIST_FILE = YES;
				IPHONEOS_DEPLOYMENT_TARGET = 18.0;
				MACOSX_DEPLOYMENT_TARGET = 15.0;
				MARKETING_VERSION = 1.0;
				PRODUCT_BUNDLE_IDENTIFIER = "com.vanities.swiftui-testingTests";
				PRODUCT_NAME = "$(TARGET_NAME)";
				SDKROOT = auto;
				SUPPORTED_PLATFORMS = "iphoneos iphonesimulator macosx xros xrsimulator";
				SWIFT_EMIT_LOC_STRINGS = NO;
				SWIFT_VERSION = 5.0;
				TARGETED_DEVICE_FAMILY = "1,2,7";
				TEST_HOST = "$(BUILT_PRODUCTS_DIR)/swiftui-testing.app/$(BUNDLE_EXECUTABLE_FOLDER_PATH)/swiftui-testing";
				XROS_DEPLOYMENT_TARGET = 2.0;
			};
			name = Release;
		};
		9582260C2C70EE8200DB334F /* Debug */ = {
			isa = XCBuildConfiguration;
			buildSettings = {
				CODE_SIGN_STYLE = Automatic;
				CURRENT_PROJECT_VERSION = 1;
				DEVELOPMENT_TEAM = 8Q3RG3ULSU;
				GENERATE_INFOPLIST_FILE = YES;
				IPHONEOS_DEPLOYMENT_TARGET = 18.0;
				MACOSX_DEPLOYMENT_TARGET = 15.0;
				MARKETING_VERSION = 1.0;
				PRODUCT_BUNDLE_IDENTIFIER = "com.vanities.swiftui-testingUITests";
				PRODUCT_NAME = "$(TARGET_NAME)";
				SDKROOT = auto;
				SUPPORTED_PLATFORMS = "iphoneos iphonesimulator macosx xros xrsimulator";
				SWIFT_EMIT_LOC_STRINGS = NO;
				SWIFT_VERSION = 5.0;
				TARGETED_DEVICE_FAMILY = "1,2,7";
				TEST_TARGET_NAME = "swiftui-testing";
				XROS_DEPLOYMENT_TARGET = 2.0;
			};
			name = Debug;
		};
		9582260D2C70EE8200DB334F /* Release */ = {
			isa = XCBuildConfiguration;
			buildSettings = {
				CODE_SIGN_STYLE = Automatic;
				CURRENT_PROJECT_VERSION = 1;
				DEVELOPMENT_TEAM = 8Q3RG3ULSU;
				GENERATE_INFOPLIST_FILE = YES;
				IPHONEOS_DEPLOYMENT_TARGET = 18.0;
				MACOSX_DEPLOYMENT_TARGET = 15.0;
				MARKETING_VERSION = 1.0;
				PRODUCT_BUNDLE_IDENTIFIER = "com.vanities.swiftui-testingUITests";
				PRODUCT_NAME = "$(TARGET_NAME)";
				SDKROOT = auto;
				SUPPORTED_PLATFORMS = "iphoneos iphonesimulator macosx xros xrsimulator";
				SWIFT_EMIT_LOC_STRINGS = NO;
				SWIFT_VERSION = 5.0;
				TARGETED_DEVICE_FAMILY = "1,2,7";
				TEST_TARGET_NAME = "swiftui-testing";
				XROS_DEPLOYMENT_TARGET = 2.0;
			};
			name = Release;
		};
/* End XCBuildConfiguration section */

/* Begin XCConfigurationList section */
		958225DB2C70EE8000DB334F /* Build configuration list for PBXProject "swiftui-testing" */ = {
			isa = XCConfigurationList;
			buildConfigurations = (
				958226032C70EE8200DB334F /* Debug */,
				958226042C70EE8200DB334F /* Release */,
			);
			defaultConfigurationIsVisible = 0;
			defaultConfigurationName = Release;
		};
		958226052C70EE8200DB334F /* Build configuration list for PBXNativeTarget "swiftui-testing" */ = {
			isa = XCConfigurationList;
			buildConfigurations = (
				958226062C70EE8200DB334F /* Debug */,
				958226072C70EE8200DB334F /* Release */,
			);
			defaultConfigurationIsVisible = 0;
			defaultConfigurationName = Release;
		};
		958226082C70EE8200DB334F /* Build configuration list for PBXNativeTarget "swiftui-testingTests" */ = {
			isa = XCConfigurationList;
			buildConfigurations = (
				958226092C70EE8200DB334F /* Debug */,
				9582260A2C70EE8200DB334F /* Release */,
			);
			defaultConfigurationIsVisible = 0;
			defaultConfigurationName = Release;
		};
		9582260B2C70EE8200DB334F /* Build configuration list for PBXNativeTarget "swiftui-testingUITests" */ = {
			isa = XCConfigurationList;
			buildConfigurations = (
				9582260C2C70EE8200DB334F /* Debug */,
				9582260D2C70EE8200DB334F /* Release */,
			);
			defaultConfigurationIsVisible = 0;
			defaultConfigurationName = Release;
		};
/* End XCConfigurationList section */
	};
	rootObject = 958225D82C70EE8000DB334F /* Project object */;
}
